
Microsoft Visual Studio Solution File, Format Version 12.00
# Visual Studio Version 17
VisualStudioVersion = 17.5.002.0
MinimumVisualStudioVersion = 10.0.40219.1
Project("{9A19103F-16F7-4668-BE54-9A1E7A4F7556}") = "c3z2", "c3z2.csproj", "{EBB3E5FE-54F5-4392-A1A6-57FB9FD11ECD}"
EndProject
Global
	GlobalSection(SolutionConfigurationPlatforms) = preSolution
		Debug|Any CPU = Debug|Any CPU
		Release|Any CPU = Release|Any CPU
	EndGlobalSection
	GlobalSection(ProjectConfigurationPlatforms) = postSolution
		{EBB3E5FE-54F5-4392-A1A6-57FB9FD11ECD}.Debug|Any CPU.ActiveCfg = Debug|Any CPU
		{EBB3E5FE-54F5-4392-A1A6-57FB9FD11ECD}.Debug|Any CPU.Build.0 = Debug|Any CPU
		{EBB3E5FE-54F5-4392-A1A6-57FB9FD11ECD}.Release|Any CPU.ActiveCfg = Release|Any CPU
		{EBB3E5FE-54F5-4392-A1A6-57FB9FD11ECD}.Release|Any CPU.Build.0 = Release|Any CPU
	EndGlobalSection
	GlobalSection(SolutionProperties) = preSolution
		HideSolutionNode = FALSE
	EndGlobalSection
	GlobalSection(ExtensibilityGlobals) = postSolution
		SolutionGuid = {B5615A27-DB5B-4F2A-B334-864BD14E547A}
	EndGlobalSection
EndGlobal
